
Microsoft Visual Studio Solution File, Format Version 12.00
# Visual Studio Version 17
VisualStudioVersion = 17.14.36121.58 d17.14
MinimumVisualStudioVersion = 10.0.40219.1
Project("{FAE04EC0-301F-11D3-BF4B-00C04F79EFBC}") = "Calculator", "Calculator\Calculator.csproj", "{C233277C-1F6C-4545-A3DD-7AC35B4D9E6F}"
EndProject
Global
	GlobalSection(SolutionConfigurationPlatforms) = preSolution
		Debug|Any CPU = Debug|Any CPU
		Release|Any CPU = Release|Any CPU
	EndGlobalSection
	GlobalSection(ProjectConfigurationPlatforms) = postSolution
		{C233277C-1F6C-4545-A3DD-7AC35B4D9E6F}.Debug|Any CPU.ActiveCfg = Debug|Any CPU
		{C233277C-1F6C-4545-A3DD-7AC35B4D9E6F}.Debug|Any CPU.Build.0 = Debug|Any CPU
		{C233277C-1F6C-4545-A3DD-7AC35B4D9E6F}.Release|Any CPU.ActiveCfg = Release|Any CPU
		{C233277C-1F6C-4545-A3DD-7AC35B4D9E6F}.Release|Any CPU.Build.0 = Release|Any CPU
	EndGlobalSection
	GlobalSection(SolutionProperties) = preSolution
		HideSolutionNode = FALSE
	EndGlobalSection
	GlobalSection(ExtensibilityGlobals) = postSolution
		SolutionGuid = {A67F4787-2195-46D9-9FDC-C6E045D67AE2}
	EndGlobalSection
EndGlobal
